
Microsoft Visual Studio Solution File, Format Version 12.00
Project("{FAE04EC0-301F-11D3-BF4B-00C04F79EFBC}") = "MinimalRider102969", "MinimalRider102969\MinimalRider102969.csproj", "{ECDBC07C-FF9C-4FB3-916D-1A214FA71718}"
EndProject
Global
	GlobalSection(SolutionConfigurationPlatforms) = preSolution
		Debug|Any CPU = Debug|Any CPU
		Release|Any CPU = Release|Any CPU
	EndGlobalSection
	GlobalSection(ProjectConfigurationPlatforms) = postSolution
		{ECDBC07C-FF9C-4FB3-916D-1A214FA71718}.Debug|Any CPU.ActiveCfg = Debug|Any CPU
		{ECDBC07C-FF9C-4FB3-916D-1A214FA71718}.Debug|Any CPU.Build.0 = Debug|Any CPU
		{ECDBC07C-FF9C-4FB3-916D-1A214FA71718}.Release|Any CPU.ActiveCfg = Release|Any CPU
		{ECDBC07C-FF9C-4FB3-916D-1A214FA71718}.Release|Any CPU.Build.0 = Release|Any CPU
	EndGlobalSection
EndGlobal
